
Microsoft Visual Studio Solution File, Format Version 12.00
# Visual Studio Version 16
VisualStudioVersion = 16.0.31205.134
MinimumVisualStudioVersion = 10.0.40219.1
Project("{9A19103F-16F7-4668-BE54-9A1E7A4F7556}") = "TrackerLibrary", "TrackerLibrary\TrackerLibrary.csproj", "{91DCBC26-F4D8-4346-B74D-ABDAE1FECB14}"
EndProject
Project("{FAE04EC0-301F-11D3-BF4B-00C04F79EFBC}") = "TrackerUI", "TrackerUI\TrackerUI.csproj", "{679C4154-4755-4E0F-A387-A2730F4080DF}"
EndProject
Global
	GlobalSection(SolutionConfigurationPlatforms) = preSolution
		Debug|Any CPU = Debug|Any CPU
		Release|Any CPU = Release|Any CPU
	EndGlobalSection
	GlobalSection(ProjectConfigurationPlatforms) = postSolution
		{91DCBC26-F4D8-4346-B74D-ABDAE1FECB14}.Debug|Any CPU.ActiveCfg = Debug|Any CPU
		{91DCBC26-F4D8-4346-B74D-ABDAE1FECB14}.Debug|Any CPU.Build.0 = Debug|Any CPU
		{91DCBC26-F4D8-4346-B74D-ABDAE1FECB14}.Release|Any CPU.ActiveCfg = Release|Any CPU
		{91DCBC26-F4D8-4346-B74D-ABDAE1FECB14}.Release|Any CPU.Build.0 = Release|Any CPU
		{679C4154-4755-4E0F-A387-A2730F4080DF}.Debug|Any CPU.ActiveCfg = Debug|Any CPU
		{679C4154-4755-4E0F-A387-A2730F4080DF}.Debug|Any CPU.Build.0 = Debug|Any CPU
		{679C4154-4755-4E0F-A387-A2730F4080DF}.Release|Any CPU.ActiveCfg = Release|Any CPU
		{679C4154-4755-4E0F-A387-A2730F4080DF}.Release|Any CPU.Build.0 = Release|Any CPU
	EndGlobalSection
	GlobalSection(SolutionProperties) = preSolution
		HideSolutionNode = FALSE
	EndGlobalSection
	GlobalSection(ExtensibilityGlobals) = postSolution
		SolutionGuid = {9D5FB1EE-CFE3-4AF9-A450-2ECAB6E30F05}
	EndGlobalSection
EndGlobal
